dependencies:
- name: redis
  repository: https://charts.bitnami.com/bitnami
  version: 20.5.0
- name: postgresql
  repository: https://charts.bitnami.com/bitnami
  version: 15.5.17
- name: mysql
  repository: https://charts.bitnami.com/bitnami
  version: 12.3.5
digest: sha256:1a10b8726cf254d7e3d50653f9678c254fce535ab1387d63a9098fa4350524d7
generated: "2025-08-21T03:56:33.44303118Z"
