dependencies:
- name: redis
  repository: https://charts.bitnami.com/bitnami
  version: 20.5.0
- name: postgresql
  repository: https://charts.bitnami.com/bitnami
  version: 16.7.27
- name: mysql
  repository: https://charts.bitnami.com/bitnami
  version: 12.2.1
digest: sha256:2a32e67ee3bc1025ceadd78d5ee73a20c07ba7c4f6ae4bec07f1045317d67881
generated: "2025-08-28T19:46:39.599350029Z"
