dependencies:
- name: redis
  repository: https://charts.bitnami.com/bitnami
  version: 20.13.4
- name: postgresql
  repository: https://charts.bitnami.com/bitnami
  version: 15.5.38
- name: mysql
  repository: https://charts.bitnami.com/bitnami
  version: 12.3.5
digest: sha256:2eb7a35c7a79cdc1d50de514e66733dbd3f1a7174e669e8b418a8dca40f4ce46
generated: "2025-08-17T19:59:21.157088895Z"
